
Microsoft Visual Studio Solution File, Format Version 12.00
# Visual Studio Version 16
VisualStudioVersion = 16.0.32407.337
MinimumVisualStudioVersion = 10.0.40219.1
Project("{8BC9CEB8-8B4A-11D0-8D11-00A0C91BC942}") = "mmpld", "mmpld\mmpld.vcxproj", "{56A95CF2-D035-4DD2-901E-C9C15CAA4922}"
EndProject
Project("{8BC9CEB8-8B4A-11D0-8D11-00A0C91BC942}") = "test", "test\test.vcxproj", "{F766BB6A-01C8-4E51-A01A-EE5DDD40E1AA}"
EndProject
Project("{8BC9CEB8-8B4A-11D0-8D11-00A0C91BC942}") = "dumpmmpld", "dumpmmpld\dumpmmpld.vcxproj", "{582038D8-3448-48EE-97B3-4904E91C3BE1}"
EndProject
Project("{2150E333-8FDC-42A3-9474-1A3956D46DE8}") = "Solution Items", "Solution Items", "{9DE51353-D6FE-48E0-85FD-7988411FF8F8}"
	ProjectSection(SolutionItems) = preProject
		azure-pipelines.yml = azure-pipelines.yml
		LICENCE = LICENCE
		README.md = README.md
	EndProjectSection
EndProject
Project("{8BC9CEB8-8B4A-11D0-8D11-00A0C91BC942}") = "convertmmpld", "convertmmpld\convertmmpld.vcxproj", "{EE587B62-3E62-472A-A8E1-FF9FD0B14976}"
EndProject
Global
	GlobalSection(SolutionConfigurationPlatforms) = preSolution
		Debug|x64 = Debug|x64
		Debug|x86 = Debug|x86
		Release|x64 = Release|x64
		Release|x86 = Release|x86
	EndGlobalSection
	GlobalSection(ProjectConfigurationPlatforms) = postSolution
		{56A95CF2-D035-4DD2-901E-C9C15CAA4922}.Debug|x64.ActiveCfg = Debug|x64
		{56A95CF2-D035-4DD2-901E-C9C15CAA4922}.Debug|x64.Build.0 = Debug|x64
		{56A95CF2-D035-4DD2-901E-C9C15CAA4922}.Debug|x86.ActiveCfg = Debug|Win32
		{56A95CF2-D035-4DD2-901E-C9C15CAA4922}.Debug|x86.Build.0 = Debug|Win32
		{56A95CF2-D035-4DD2-901E-C9C15CAA4922}.Release|x64.ActiveCfg = Release|x64
		{56A95CF2-D035-4DD2-901E-C9C15CAA4922}.Release|x64.Build.0 = Release|x64
		{56A95CF2-D035-4DD2-901E-C9C15CAA4922}.Release|x86.ActiveCfg = Release|Win32
		{56A95CF2-D035-4DD2-901E-C9C15CAA4922}.Release|x86.Build.0 = Release|Win32
		{F766BB6A-01C8-4E51-A01A-EE5DDD40E1AA}.Debug|x64.ActiveCfg = Debug|x64
		{F766BB6A-01C8-4E51-A01A-EE5DDD40E1AA}.Debug|x64.Build.0 = Debug|x64
		{F766BB6A-01C8-4E51-A01A-EE5DDD40E1AA}.Debug|x86.ActiveCfg = Debug|Win32
		{F766BB6A-01C8-4E51-A01A-EE5DDD40E1AA}.Debug|x86.Build.0 = Debug|Win32
		{F766BB6A-01C8-4E51-A01A-EE5DDD40E1AA}.Release|x64.ActiveCfg = Release|x64
		{F766BB6A-01C8-4E51-A01A-EE5DDD40E1AA}.Release|x64.Build.0 = Release|x64
		{F766BB6A-01C8-4E51-A01A-EE5DDD40E1AA}.Release|x86.ActiveCfg = Release|Win32
		{F766BB6A-01C8-4E51-A01A-EE5DDD40E1AA}.Release|x86.Build.0 = Release|Win32
		{582038D8-3448-48EE-97B3-4904E91C3BE1}.Debug|x64.ActiveCfg = Debug|x64
		{582038D8-3448-48EE-97B3-4904E91C3BE1}.Debug|x64.Build.0 = Debug|x64
		{582038D8-3448-48EE-97B3-4904E91C3BE1}.Debug|x86.ActiveCfg = Debug|Win32
		{582038D8-3448-48EE-97B3-4904E91C3BE1}.Debug|x86.Build.0 = Debug|Win32
		{582038D8-3448-48EE-97B3-4904E91C3BE1}.Release|x64.ActiveCfg = Release|x64
		{582038D8-3448-48EE-97B3-4904E91C3BE1}.Release|x64.Build.0 = Release|x64
		{582038D8-3448-48EE-97B3-4904E91C3BE1}.Release|x86.ActiveCfg = Release|Win32
		{582038D8-3448-48EE-97B3-4904E91C3BE1}.Release|x86.Build.0 = Release|Win32
		{EE587B62-3E62-472A-A8E1-FF9FD0B14976}.Debug|x64.ActiveCfg = Debug|x64
		{EE587B62-3E62-472A-A8E1-FF9FD0B14976}.Debug|x64.Build.0 = Debug|x64
		{EE587B62-3E62-472A-A8E1-FF9FD0B14976}.Debug|x86.ActiveCfg = Debug|Win32
		{EE587B62-3E62-472A-A8E1-FF9FD0B14976}.Debug|x86.Build.0 = Debug|Win32
		{EE587B62-3E62-472A-A8E1-FF9FD0B14976}.Release|x64.ActiveCfg = Release|x64
		{EE587B62-3E62-472A-A8E1-FF9FD0B14976}.Release|x64.Build.0 = Release|x64
		{EE587B62-3E62-472A-A8E1-FF9FD0B14976}.Release|x86.ActiveCfg = Release|Win32
		{EE587B62-3E62-472A-A8E1-FF9FD0B14976}.Release|x86.Build.0 = Release|Win32
	EndGlobalSection
	GlobalSection(SolutionProperties) = preSolution
		HideSolutionNode = FALSE
	EndGlobalSection
	GlobalSection(ExtensibilityGlobals) = postSolution
		SolutionGuid = {AE0DF085-6C6D-416F-A85F-E224855F550E}
	EndGlobalSection
EndGlobal
