<?xml version="1.0" encoding="utf-8"?>
<Project ToolsVersion="4.0" xmlns="http://schemas.microsoft.com/developer/msbuild/2003">
  <ItemGroup>
    <Filter Include="Source Files">
      <UniqueIdentifier>{4FC737F1-C7A5-4376-A066-2A32D752A2FF}</UniqueIdentifier>
      <Extensions>cpp;c;cc;cxx;def;odl;idl;hpj;bat;asm;asmx</Extensions>
    </Filter>
    <Filter Include="Header Files">
      <UniqueIdentifier>{93995380-89BD-4b04-88EB-625FBE52EBFB}</UniqueIdentifier>
      <Extensions>h;hh;hpp;hxx;hm;inl;inc;xsd</Extensions>
    </Filter>
    <Filter Include="Resource Files">
      <UniqueIdentifier>{67DA6AB6-F800-4c08-8B7A-83BB121AAD01}</UniqueIdentifier>
      <Extensions>rc;ico;cur;bmp;dlg;rc2;rct;bin;rgs;gif;jpg;jpeg;jpe;resx;tiff;tif;png;wav;mfcribbon-ms</Extensions>
    </Filter>
    <Filter Include="Header Files\mmpld">
      <UniqueIdentifier>{c900e041-ced8-486c-af4d-bee8ca5a790a}</UniqueIdentifier>
    </Filter>
  </ItemGroup>
  <ItemGroup>
    <ClCompile Include="dllmain.cpp">
      <Filter>Source Files</Filter>
    </ClCompile>
  </ItemGroup>
  <ItemGroup>
    <ClInclude Include="mmpld\colour_type.h">
      <Filter>Header Files\mmpld</Filter>
    </ClInclude>
    <ClInclude Include="mmpld\file_header.h">
      <Filter>Header Files\mmpld</Filter>
    </ClInclude>
    <ClInclude Include="mmpld\frame_header.h">
      <Filter>Header Files\mmpld</Filter>
    </ClInclude>
    <ClInclude Include="mmpld\list_header.h">
      <Filter>Header Files\mmpld</Filter>
    </ClInclude>
    <ClInclude Include="mmpld\literal.h">
      <Filter>Header Files\mmpld</Filter>
    </ClInclude>
    <ClInclude Include="mmpld\vertex_type.h">
      <Filter>Header Files\mmpld</Filter>
    </ClInclude>
    <ClInclude Include="mmpld.h">
      <Filter>Header Files</Filter>
    </ClInclude>
    <ClInclude Include="mmpld\io.h">
      <Filter>Header Files\mmpld</Filter>
    </ClInclude>
    <ClInclude Include="mmpld\particle_properties.h">
      <Filter>Header Files\mmpld</Filter>
    </ClInclude>
    <ClInclude Include="mmpld\file.h">
      <Filter>Header Files\mmpld</Filter>
    </ClInclude>
  </ItemGroup>
  <ItemGroup>
    <None Include="mmpld\file_header.inl">
      <Filter>Header Files\mmpld</Filter>
    </None>
    <None Include="mmpld\frame_header.inl">
      <Filter>Header Files\mmpld</Filter>
    </None>
    <None Include="mmpld\list_header.inl">
      <Filter>Header Files\mmpld</Filter>
    </None>
    <None Include="mmpld\io.inl">
      <Filter>Header Files\mmpld</Filter>
    </None>
    <None Include="mmpld\file.inl">
      <Filter>Header Files\mmpld</Filter>
    </None>
    <None Include="mmpld\vertex_type.inl">
      <Filter>Header Files\mmpld</Filter>
    </None>
    <None Include="mmpld\colour_type.inl">
      <Filter>Header Files\mmpld</Filter>
    </None>
  </ItemGroup>
</Project>